name: CI

on:
  push:
    branches: [ master ]
  schedule:
    - cron:  '0 0 * * *'

jobs:
  build:
    runs-on: ubuntu-latest
    steps:
    - uses: actions/checkout@master
    - name: Grab latest adblock hosts and convert it to Surge Rule-Set
      run: |
        echo "::set-env name=run_continue::true"
        curl -s -L -o ./adblock.hosts.new https://raw.githubusercontent.com/StevenBlack/hosts/master/hosts
        if [[ `diff -uNrpw ./adblock.hosts ./adblock.hosts.new` ]]; then
            cat ./adblock.hosts.new | grep '^0.0.0.0' | grep -v '0.0.0.0 0.0.0.0$' | grep -v '#\[.*affect' | awk '{print $2}' > ./adblock.tmp || exit 1
            for line in $(cat ./adblock.tmp); do
                if [[ `cat ./adblock.tmp | grep -P ".+\.$line"` ]]; then
                    sed -i "/.$line/d" ./adblock.tmp
                    sed -i "s/^$line$/DOMAIN-SUFFIX, $line/g" ./adblock.tmp
                else
                    sed -i "s/^$line$/DOMAIN, $line/g" ./adblock.tmp
                fi
            done
            mv ./adblock.tmp ./adblock.conf
            echo "::set-env name=run_continue::true"
        fi
        mv ./adblock.hosts.new ./adblock.hosts
    - name: Commit files
      run: |
        git config --local user.email "action@github.com"
        git config --local user.name "GitHub Actions"
        git add .
        git commit -m "Updates hosts" -a || echo "::set-env name=run_continue::false"
      if: env.run_continue
    - name: Push changes
      uses: ad-m/github-push-action@master
      if: env.run_continue
      with:
        github_token: ${{ secrets.REPO_TOKEN }}
