name: CI

on:
  push:
    branches: [ master ]
  schedule:
    - cron:  '0 0 * * *'

jobs:
  build:
    runs-on: ubuntu-latest
    steps:
    - uses: actions/checkout@master
    - name: Grab latest adblock hosts and convert it to Surge Rule-Set
      run: |
        curl -s -L -o ./adblock.hosts.new https://raw.githubusercontent.com/StevenBlack/hosts/master/hosts
        if [[ `diff -uNrpw ./adblock.hosts ./adblock.hosts.new` ]]; then
            cat ./adblock.hosts | grep '^0.0.0.0' | grep -v '0.0.0.0 0.0.0.0$' | grep -v '#\[.*affect' | awk '{print "DOMAIN, " $2}' > ./adblock.conf && echo "::set-env name=run_continue::true"
        fi
        mv ./adblock.hosts.new ./adblock.hosts
    - name: Commit files
      run: |
        git config --local user.email "action@github.com"
        git config --local user.name "GitHub Actions"
        git add .
        git commit -m "Updates hosts" -a || echo "::set-env name=run_continue::false"
      if: env.run_continue
    - name: Push changes
      uses: ad-m/github-push-action@master
      if: env.run_continue
      with:
        github_token: ${{ secrets.REPO_TOKEN }}
